
Microsoft Visual Studio Solution File, Format Version 12.00
# Visual Studio Version 17
VisualStudioVersion = 17.0.31903.59
MinimumVisualStudioVersion = 10.0.40219.1
Project("{2150E333-8FDC-42A3-9474-1A3956D46DE8}") = "src", "src", "{827E0CD3-B72D-47B6-A68D-7590B98EB39B}"
EndProject
Project("{FAE04EC0-301F-11D3-BF4B-00C04F79EFBC}") = "WhoFights.Api", "src\WhoFights.Api\WhoFights.Api.csproj", "{88D1D267-F758-4E98-B6DE-EB89F73B4B6F}"
EndProject
Project("{FAE04EC0-301F-11D3-BF4B-00C04F79EFBC}") = "WhoFights.Data", "src\WhoFights.Data\WhoFights.Data.csproj", "{887C0745-1703-4669-91E0-56A6EC2A174D}"
EndProject
Project("{FAE04EC0-301F-11D3-BF4B-00C04F79EFBC}") = "WhoFights.Sync", "src\WhoFights.Sync\WhoFights.Sync.csproj", "{F94E6651-0F18-4975-80D6-4854F52603C0}"
EndProject
Project("{FAE04EC0-301F-11D3-BF4B-00C04F79EFBC}") = "WhoFights.Auth", "src\WhoFights.Auth\WhoFights.Auth.csproj", "{750A57A5-730B-4DF1-85DE-D526B1FAA856}"
EndProject
Global
	GlobalSection(SolutionConfigurationPlatforms) = preSolution
		Debug|Any CPU = Debug|Any CPU
		Debug|x64 = Debug|x64
		Debug|x86 = Debug|x86
		Release|Any CPU = Release|Any CPU
		Release|x64 = Release|x64
		Release|x86 = Release|x86
	EndGlobalSection
	GlobalSection(ProjectConfigurationPlatforms) = postSolution
		{88D1D267-F758-4E98-B6DE-EB89F73B4B6F}.Debug|Any CPU.ActiveCfg = Debug|Any CPU
		{88D1D267-F758-4E98-B6DE-EB89F73B4B6F}.Debug|Any CPU.Build.0 = Debug|Any CPU
		{88D1D267-F758-4E98-B6DE-EB89F73B4B6F}.Debug|x64.ActiveCfg = Debug|Any CPU
		{88D1D267-F758-4E98-B6DE-EB89F73B4B6F}.Debug|x64.Build.0 = Debug|Any CPU
		{88D1D267-F758-4E98-B6DE-EB89F73B4B6F}.Debug|x86.ActiveCfg = Debug|Any CPU
		{88D1D267-F758-4E98-B6DE-EB89F73B4B6F}.Debug|x86.Build.0 = Debug|Any CPU
		{88D1D267-F758-4E98-B6DE-EB89F73B4B6F}.Release|Any CPU.ActiveCfg = Release|Any CPU
		{88D1D267-F758-4E98-B6DE-EB89F73B4B6F}.Release|Any CPU.Build.0 = Release|Any CPU
		{88D1D267-F758-4E98-B6DE-EB89F73B4B6F}.Release|x64.ActiveCfg = Release|Any CPU
		{88D1D267-F758-4E98-B6DE-EB89F73B4B6F}.Release|x64.Build.0 = Release|Any CPU
		{88D1D267-F758-4E98-B6DE-EB89F73B4B6F}.Release|x86.ActiveCfg = Release|Any CPU
		{88D1D267-F758-4E98-B6DE-EB89F73B4B6F}.Release|x86.Build.0 = Release|Any CPU
		{887C0745-1703-4669-91E0-56A6EC2A174D}.Debug|Any CPU.ActiveCfg = Debug|Any CPU
		{887C0745-1703-4669-91E0-56A6EC2A174D}.Debug|Any CPU.Build.0 = Debug|Any CPU
		{887C0745-1703-4669-91E0-56A6EC2A174D}.Debug|x64.ActiveCfg = Debug|Any CPU
		{887C0745-1703-4669-91E0-56A6EC2A174D}.Debug|x64.Build.0 = Debug|Any CPU
		{887C0745-1703-4669-91E0-56A6EC2A174D}.Debug|x86.ActiveCfg = Debug|Any CPU
		{887C0745-1703-4669-91E0-56A6EC2A174D}.Debug|x86.Build.0 = Debug|Any CPU
		{887C0745-1703-4669-91E0-56A6EC2A174D}.Release|Any CPU.ActiveCfg = Release|Any CPU
		{887C0745-1703-4669-91E0-56A6EC2A174D}.Release|Any CPU.Build.0 = Release|Any CPU
		{887C0745-1703-4669-91E0-56A6EC2A174D}.Release|x64.ActiveCfg = Release|Any CPU
		{887C0745-1703-4669-91E0-56A6EC2A174D}.Release|x64.Build.0 = Release|Any CPU
		{887C0745-1703-4669-91E0-56A6EC2A174D}.Release|x86.ActiveCfg = Release|Any CPU
		{887C0745-1703-4669-91E0-56A6EC2A174D}.Release|x86.Build.0 = Release|Any CPU
		{F94E6651-0F18-4975-80D6-4854F52603C0}.Debug|Any CPU.ActiveCfg = Debug|Any CPU
		{F94E6651-0F18-4975-80D6-4854F52603C0}.Debug|Any CPU.Build.0 = Debug|Any CPU
		{F94E6651-0F18-4975-80D6-4854F52603C0}.Debug|x64.ActiveCfg = Debug|Any CPU
		{F94E6651-0F18-4975-80D6-4854F52603C0}.Debug|x64.Build.0 = Debug|Any CPU
		{F94E6651-0F18-4975-80D6-4854F52603C0}.Debug|x86.ActiveCfg = Debug|Any CPU
		{F94E6651-0F18-4975-80D6-4854F52603C0}.Debug|x86.Build.0 = Debug|Any CPU
		{F94E6651-0F18-4975-80D6-4854F52603C0}.Release|Any CPU.ActiveCfg = Release|Any CPU
		{F94E6651-0F18-4975-80D6-4854F52603C0}.Release|Any CPU.Build.0 = Release|Any CPU
		{F94E6651-0F18-4975-80D6-4854F52603C0}.Release|x64.ActiveCfg = Release|Any CPU
		{F94E6651-0F18-4975-80D6-4854F52603C0}.Release|x64.Build.0 = Release|Any CPU
		{F94E6651-0F18-4975-80D6-4854F52603C0}.Release|x86.ActiveCfg = Release|Any CPU
		{F94E6651-0F18-4975-80D6-4854F52603C0}.Release|x86.Build.0 = Release|Any CPU
		{750A57A5-730B-4DF1-85DE-D526B1FAA856}.Debug|Any CPU.ActiveCfg = Debug|Any CPU
		{750A57A5-730B-4DF1-85DE-D526B1FAA856}.Debug|Any CPU.Build.0 = Debug|Any CPU
		{750A57A5-730B-4DF1-85DE-D526B1FAA856}.Debug|x64.ActiveCfg = Debug|Any CPU
		{750A57A5-730B-4DF1-85DE-D526B1FAA856}.Debug|x64.Build.0 = Debug|Any CPU
		{750A57A5-730B-4DF1-85DE-D526B1FAA856}.Debug|x86.ActiveCfg = Debug|Any CPU
		{750A57A5-730B-4DF1-85DE-D526B1FAA856}.Debug|x86.Build.0 = Debug|Any CPU
		{750A57A5-730B-4DF1-85DE-D526B1FAA856}.Release|Any CPU.ActiveCfg = Release|Any CPU
		{750A57A5-730B-4DF1-85DE-D526B1FAA856}.Release|Any CPU.Build.0 = Release|Any CPU
		{750A57A5-730B-4DF1-85DE-D526B1FAA856}.Release|x64.ActiveCfg = Release|Any CPU
		{750A57A5-730B-4DF1-85DE-D526B1FAA856}.Release|x64.Build.0 = Release|Any CPU
		{750A57A5-730B-4DF1-85DE-D526B1FAA856}.Release|x86.ActiveCfg = Release|Any CPU
		{750A57A5-730B-4DF1-85DE-D526B1FAA856}.Release|x86.Build.0 = Release|Any CPU
	EndGlobalSection
	GlobalSection(SolutionProperties) = preSolution
		HideSolutionNode = FALSE
	EndGlobalSection
	GlobalSection(NestedProjects) = preSolution
		{88D1D267-F758-4E98-B6DE-EB89F73B4B6F} = {827E0CD3-B72D-47B6-A68D-7590B98EB39B}
		{887C0745-1703-4669-91E0-56A6EC2A174D} = {827E0CD3-B72D-47B6-A68D-7590B98EB39B}
		{F94E6651-0F18-4975-80D6-4854F52603C0} = {827E0CD3-B72D-47B6-A68D-7590B98EB39B}
		{750A57A5-730B-4DF1-85DE-D526B1FAA856} = {827E0CD3-B72D-47B6-A68D-7590B98EB39B}
	EndGlobalSection
EndGlobal
